
Microsoft Visual Studio Solution File, Format Version 12.00
Project("{2150E333-8FDC-42A3-9474-1A3956D46DE8}") = "src", "src", "{33463C43-D7F7-4962-8B87-BF1C950781F9}"
EndProject
Project("{2150E333-8FDC-42A3-9474-1A3956D46DE8}") = "tests", "tests", "{89CA1F92-914D-42A3-8038-2439F7CC39C7}"
EndProject
Project("{FAE04EC0-301F-11D3-BF4B-00C04F79EFBC}") = "Maaldo.Com.Services.Domain", "src\Maaldo.Com.Services.Domain\Maaldo.Com.Services.Domain.csproj", "{4FDC480A-DFDA-44FC-95A3-967D7740418D}"
EndProject
Project("{FAE04EC0-301F-11D3-BF4B-00C04F79EFBC}") = "Maaldo.Com.Services.Infrastructure", "src\Maaldo.Com.Services.Infrastructure\Maaldo.Com.Services.Infrastructure.csproj", "{1D6A5999-C29E-4341-848C-98BCCCEA9486}"
EndProject
Project("{FAE04EC0-301F-11D3-BF4B-00C04F79EFBC}") = "Maaldo.Com.Services.Persistence", "src\Maaldo.Com.Services.Persistence\Maaldo.Com.Services.Persistence.csproj", "{6EE8F46A-9AB1-4FBB-8369-37355D982E2B}"
EndProject
Project("{FAE04EC0-301F-11D3-BF4B-00C04F79EFBC}") = "Maaldo.Com.Services.Api", "src\Maaldo.Com.Services.Api\Maaldo.Com.Services.Api.csproj", "{412DA9B0-A3A1-4B36-AB0E-E0025EABA04F}"
EndProject
Project("{FAE04EC0-301F-11D3-BF4B-00C04F79EFBC}") = "Maaldo.Com.Services.Application", "src\Maaldo.Com.Services.Application\Maaldo.Com.Services.Application.csproj", "{BDAFE7BF-D58A-4436-887F-04886E44CA50}"
EndProject
Project("{FAE04EC0-301F-11D3-BF4B-00C04F79EFBC}") = "Maaldo.Com.Services.Cli", "src\Maaldo.Com.Services.Cli\Maaldo.Com.Services.Cli.csproj", "{F0A9FBF8-E85E-4FB6-8E9D-374BA329DBFF}"
EndProject
Project("{FAE04EC0-301F-11D3-BF4B-00C04F79EFBC}") = "Tests.Unit.Api", "tests\Tests.Unit.Api\Tests.Unit.Api.csproj", "{CFE277E9-6030-4242-8238-8D01A2DF4D8B}"
EndProject
Project("{FAE04EC0-301F-11D3-BF4B-00C04F79EFBC}") = "Tests.Unit.Application", "tests\Tests.Unit.Application\Tests.Unit.Application.csproj", "{9EC1C824-319E-4B6E-AF22-CEF2487C4453}"
EndProject
Project("{FAE04EC0-301F-11D3-BF4B-00C04F79EFBC}") = "Tests.Unit.Domain", "tests\Tests.Unit.Domain\Tests.Unit.Domain.csproj", "{8970D9C5-77AD-4F35-B0F4-FBFF9306EDF0}"
EndProject
Project("{FAE04EC0-301F-11D3-BF4B-00C04F79EFBC}") = "Tests.Unit.Infrastructure", "tests\Tests.Unit.Infrastructure\Tests.Unit.Infrastructure.csproj", "{9E516166-2E2E-4560-801D-2485267259AF}"
EndProject
Project("{FAE04EC0-301F-11D3-BF4B-00C04F79EFBC}") = "Tests.Unit.Persistence", "tests\Tests.Unit.Persistence\Tests.Unit.Persistence.csproj", "{7F05339F-9284-47CC-BA62-F64AFF4E38BF}"
EndProject
Project("{FAE04EC0-301F-11D3-BF4B-00C04F79EFBC}") = "Tests.Unit.Cli", "tests\Tests.Unit.Cli\Tests.Unit.Cli.csproj", "{A63446B0-154C-4E54-92EC-996A003FD1B4}"
EndProject
Global
	GlobalSection(SolutionConfigurationPlatforms) = preSolution
		Debug|Any CPU = Debug|Any CPU
		Release|Any CPU = Release|Any CPU
	EndGlobalSection
	GlobalSection(NestedProjects) = preSolution
		{4FDC480A-DFDA-44FC-95A3-967D7740418D} = {33463C43-D7F7-4962-8B87-BF1C950781F9}
		{1D6A5999-C29E-4341-848C-98BCCCEA9486} = {33463C43-D7F7-4962-8B87-BF1C950781F9}
		{6EE8F46A-9AB1-4FBB-8369-37355D982E2B} = {33463C43-D7F7-4962-8B87-BF1C950781F9}
		{412DA9B0-A3A1-4B36-AB0E-E0025EABA04F} = {33463C43-D7F7-4962-8B87-BF1C950781F9}
		{BDAFE7BF-D58A-4436-887F-04886E44CA50} = {33463C43-D7F7-4962-8B87-BF1C950781F9}
		{F0A9FBF8-E85E-4FB6-8E9D-374BA329DBFF} = {33463C43-D7F7-4962-8B87-BF1C950781F9}
		{CFE277E9-6030-4242-8238-8D01A2DF4D8B} = {89CA1F92-914D-42A3-8038-2439F7CC39C7}
		{9EC1C824-319E-4B6E-AF22-CEF2487C4453} = {89CA1F92-914D-42A3-8038-2439F7CC39C7}
		{8970D9C5-77AD-4F35-B0F4-FBFF9306EDF0} = {89CA1F92-914D-42A3-8038-2439F7CC39C7}
		{9E516166-2E2E-4560-801D-2485267259AF} = {89CA1F92-914D-42A3-8038-2439F7CC39C7}
		{7F05339F-9284-47CC-BA62-F64AFF4E38BF} = {89CA1F92-914D-42A3-8038-2439F7CC39C7}
		{A63446B0-154C-4E54-92EC-996A003FD1B4} = {89CA1F92-914D-42A3-8038-2439F7CC39C7}
	EndGlobalSection
	GlobalSection(ProjectConfigurationPlatforms) = postSolution
		{4FDC480A-DFDA-44FC-95A3-967D7740418D}.Debug|Any CPU.ActiveCfg = Debug|Any CPU
		{4FDC480A-DFDA-44FC-95A3-967D7740418D}.Debug|Any CPU.Build.0 = Debug|Any CPU
		{4FDC480A-DFDA-44FC-95A3-967D7740418D}.Release|Any CPU.ActiveCfg = Release|Any CPU
		{4FDC480A-DFDA-44FC-95A3-967D7740418D}.Release|Any CPU.Build.0 = Release|Any CPU
		{1D6A5999-C29E-4341-848C-98BCCCEA9486}.Debug|Any CPU.ActiveCfg = Debug|Any CPU
		{1D6A5999-C29E-4341-848C-98BCCCEA9486}.Debug|Any CPU.Build.0 = Debug|Any CPU
		{1D6A5999-C29E-4341-848C-98BCCCEA9486}.Release|Any CPU.ActiveCfg = Release|Any CPU
		{1D6A5999-C29E-4341-848C-98BCCCEA9486}.Release|Any CPU.Build.0 = Release|Any CPU
		{6EE8F46A-9AB1-4FBB-8369-37355D982E2B}.Debug|Any CPU.ActiveCfg = Debug|Any CPU
		{6EE8F46A-9AB1-4FBB-8369-37355D982E2B}.Debug|Any CPU.Build.0 = Debug|Any CPU
		{6EE8F46A-9AB1-4FBB-8369-37355D982E2B}.Release|Any CPU.ActiveCfg = Release|Any CPU
		{6EE8F46A-9AB1-4FBB-8369-37355D982E2B}.Release|Any CPU.Build.0 = Release|Any CPU
		{412DA9B0-A3A1-4B36-AB0E-E0025EABA04F}.Debug|Any CPU.ActiveCfg = Debug|Any CPU
		{412DA9B0-A3A1-4B36-AB0E-E0025EABA04F}.Debug|Any CPU.Build.0 = Debug|Any CPU
		{412DA9B0-A3A1-4B36-AB0E-E0025EABA04F}.Release|Any CPU.ActiveCfg = Release|Any CPU
		{412DA9B0-A3A1-4B36-AB0E-E0025EABA04F}.Release|Any CPU.Build.0 = Release|Any CPU
		{BDAFE7BF-D58A-4436-887F-04886E44CA50}.Debug|Any CPU.ActiveCfg = Debug|Any CPU
		{BDAFE7BF-D58A-4436-887F-04886E44CA50}.Debug|Any CPU.Build.0 = Debug|Any CPU
		{BDAFE7BF-D58A-4436-887F-04886E44CA50}.Release|Any CPU.ActiveCfg = Release|Any CPU
		{BDAFE7BF-D58A-4436-887F-04886E44CA50}.Release|Any CPU.Build.0 = Release|Any CPU
		{F0A9FBF8-E85E-4FB6-8E9D-374BA329DBFF}.Debug|Any CPU.ActiveCfg = Debug|Any CPU
		{F0A9FBF8-E85E-4FB6-8E9D-374BA329DBFF}.Debug|Any CPU.Build.0 = Debug|Any CPU
		{F0A9FBF8-E85E-4FB6-8E9D-374BA329DBFF}.Release|Any CPU.ActiveCfg = Release|Any CPU
		{F0A9FBF8-E85E-4FB6-8E9D-374BA329DBFF}.Release|Any CPU.Build.0 = Release|Any CPU
		{CFE277E9-6030-4242-8238-8D01A2DF4D8B}.Debug|Any CPU.ActiveCfg = Debug|Any CPU
		{CFE277E9-6030-4242-8238-8D01A2DF4D8B}.Debug|Any CPU.Build.0 = Debug|Any CPU
		{CFE277E9-6030-4242-8238-8D01A2DF4D8B}.Release|Any CPU.ActiveCfg = Release|Any CPU
		{CFE277E9-6030-4242-8238-8D01A2DF4D8B}.Release|Any CPU.Build.0 = Release|Any CPU
		{9EC1C824-319E-4B6E-AF22-CEF2487C4453}.Debug|Any CPU.ActiveCfg = Debug|Any CPU
		{9EC1C824-319E-4B6E-AF22-CEF2487C4453}.Debug|Any CPU.Build.0 = Debug|Any CPU
		{9EC1C824-319E-4B6E-AF22-CEF2487C4453}.Release|Any CPU.ActiveCfg = Release|Any CPU
		{9EC1C824-319E-4B6E-AF22-CEF2487C4453}.Release|Any CPU.Build.0 = Release|Any CPU
		{8970D9C5-77AD-4F35-B0F4-FBFF9306EDF0}.Debug|Any CPU.ActiveCfg = Debug|Any CPU
		{8970D9C5-77AD-4F35-B0F4-FBFF9306EDF0}.Debug|Any CPU.Build.0 = Debug|Any CPU
		{8970D9C5-77AD-4F35-B0F4-FBFF9306EDF0}.Release|Any CPU.ActiveCfg = Release|Any CPU
		{8970D9C5-77AD-4F35-B0F4-FBFF9306EDF0}.Release|Any CPU.Build.0 = Release|Any CPU
		{9E516166-2E2E-4560-801D-2485267259AF}.Debug|Any CPU.ActiveCfg = Debug|Any CPU
		{9E516166-2E2E-4560-801D-2485267259AF}.Debug|Any CPU.Build.0 = Debug|Any CPU
		{9E516166-2E2E-4560-801D-2485267259AF}.Release|Any CPU.ActiveCfg = Release|Any CPU
		{9E516166-2E2E-4560-801D-2485267259AF}.Release|Any CPU.Build.0 = Release|Any CPU
		{7F05339F-9284-47CC-BA62-F64AFF4E38BF}.Debug|Any CPU.ActiveCfg = Debug|Any CPU
		{7F05339F-9284-47CC-BA62-F64AFF4E38BF}.Debug|Any CPU.Build.0 = Debug|Any CPU
		{7F05339F-9284-47CC-BA62-F64AFF4E38BF}.Release|Any CPU.ActiveCfg = Release|Any CPU
		{7F05339F-9284-47CC-BA62-F64AFF4E38BF}.Release|Any CPU.Build.0 = Release|Any CPU
		{A63446B0-154C-4E54-92EC-996A003FD1B4}.Debug|Any CPU.ActiveCfg = Debug|Any CPU
		{A63446B0-154C-4E54-92EC-996A003FD1B4}.Debug|Any CPU.Build.0 = Debug|Any CPU
		{A63446B0-154C-4E54-92EC-996A003FD1B4}.Release|Any CPU.ActiveCfg = Release|Any CPU
		{A63446B0-154C-4E54-92EC-996A003FD1B4}.Release|Any CPU.Build.0 = Release|Any CPU
	EndGlobalSection
EndGlobal
